
Microsoft Visual Studio Solution File, Format Version 12.00
# Visual Studio Version 17
VisualStudioVersion = 17.0.31903.59
MinimumVisualStudioVersion = 10.0.40219.1
Project("{2150E333-8FDC-42A3-9474-1A3956D46DE8}") = "src", "src", "{9C78D83A-E3DD-4266-AB7F-014DBDFD3D7A}"
EndProject
Project("{FAE04EC0-301F-11D3-BF4B-00C04F79EFBC}") = "ExpenseIntelligence.Domain", "src\ExpenseIntelligence.Domain\ExpenseIntelligence.Domain.csproj", "{687FD637-BC3B-4099-BA30-9D988083FB17}"
EndProject
Project("{FAE04EC0-301F-11D3-BF4B-00C04F79EFBC}") = "ExpenseIntelligence.Infrastructure", "src\ExpenseIntelligence.Infrastructure\ExpenseIntelligence.Infrastructure.csproj", "{E1A61CEA-5FFA-45A4-B666-C400E2D49894}"
EndProject
Project("{FAE04EC0-301F-11D3-BF4B-00C04F79EFBC}") = "ExpenseIntelligence.Api", "src\ExpenseIntelligence.Api\ExpenseIntelligence.Api.csproj", "{8AB5B0F8-606B-4AB7-9483-20BA9D70193D}"
EndProject
Global
	GlobalSection(SolutionConfigurationPlatforms) = preSolution
		Debug|Any CPU = Debug|Any CPU
		Release|Any CPU = Release|Any CPU
	EndGlobalSection
	GlobalSection(SolutionProperties) = preSolution
		HideSolutionNode = FALSE
	EndGlobalSection
	GlobalSection(ProjectConfigurationPlatforms) = postSolution
		{687FD637-BC3B-4099-BA30-9D988083FB17}.Debug|Any CPU.ActiveCfg = Debug|Any CPU
		{687FD637-BC3B-4099-BA30-9D988083FB17}.Debug|Any CPU.Build.0 = Debug|Any CPU
		{687FD637-BC3B-4099-BA30-9D988083FB17}.Release|Any CPU.ActiveCfg = Release|Any CPU
		{687FD637-BC3B-4099-BA30-9D988083FB17}.Release|Any CPU.Build.0 = Release|Any CPU
		{E1A61CEA-5FFA-45A4-B666-C400E2D49894}.Debug|Any CPU.ActiveCfg = Debug|Any CPU
		{E1A61CEA-5FFA-45A4-B666-C400E2D49894}.Debug|Any CPU.Build.0 = Debug|Any CPU
		{E1A61CEA-5FFA-45A4-B666-C400E2D49894}.Release|Any CPU.ActiveCfg = Release|Any CPU
		{E1A61CEA-5FFA-45A4-B666-C400E2D49894}.Release|Any CPU.Build.0 = Release|Any CPU
		{8AB5B0F8-606B-4AB7-9483-20BA9D70193D}.Debug|Any CPU.ActiveCfg = Debug|Any CPU
		{8AB5B0F8-606B-4AB7-9483-20BA9D70193D}.Debug|Any CPU.Build.0 = Debug|Any CPU
		{8AB5B0F8-606B-4AB7-9483-20BA9D70193D}.Release|Any CPU.ActiveCfg = Release|Any CPU
		{8AB5B0F8-606B-4AB7-9483-20BA9D70193D}.Release|Any CPU.Build.0 = Release|Any CPU
	EndGlobalSection
	GlobalSection(NestedProjects) = preSolution
		{687FD637-BC3B-4099-BA30-9D988083FB17} = {9C78D83A-E3DD-4266-AB7F-014DBDFD3D7A}
		{E1A61CEA-5FFA-45A4-B666-C400E2D49894} = {9C78D83A-E3DD-4266-AB7F-014DBDFD3D7A}
		{8AB5B0F8-606B-4AB7-9483-20BA9D70193D} = {9C78D83A-E3DD-4266-AB7F-014DBDFD3D7A}
	EndGlobalSection
EndGlobal
